
Microsoft Visual Studio Solution File, Format Version 12.00
# Visual Studio 2013
VisualStudioVersion = 12.0.21005.1
MinimumVisualStudioVersion = 10.0.40219.1
Project("{FAE04EC0-301F-11D3-BF4B-00C04F79EFBC}") = "MVC_IOC", "MVC_IOC\MVC_IOC.csproj", "{CB3643F3-0523-4F48-9015-B9585D18C2FC}"
EndProject
Project("{FAE04EC0-301F-11D3-BF4B-00C04F79EFBC}") = "Service", "Service\Service.csproj", "{4F9EAA3C-9A9E-4C79-86F2-043536D755EA}"
EndProject
Global
	GlobalSection(SolutionConfigurationPlatforms) = preSolution
		Debug|Any CPU = Debug|Any CPU
		Release|Any CPU = Release|Any CPU
	EndGlobalSection
	GlobalSection(ProjectConfigurationPlatforms) = postSolution
		{CB3643F3-0523-4F48-9015-B9585D18C2FC}.Debug|Any CPU.ActiveCfg = Debug|Any CPU
		{CB3643F3-0523-4F48-9015-B9585D18C2FC}.Debug|Any CPU.Build.0 = Debug|Any CPU
		{CB3643F3-0523-4F48-9015-B9585D18C2FC}.Release|Any CPU.ActiveCfg = Release|Any CPU
		{CB3643F3-0523-4F48-9015-B9585D18C2FC}.Release|Any CPU.Build.0 = Release|Any CPU
		{4F9EAA3C-9A9E-4C79-86F2-043536D755EA}.Debug|Any CPU.ActiveCfg = Debug|Any CPU
		{4F9EAA3C-9A9E-4C79-86F2-043536D755EA}.Debug|Any CPU.Build.0 = Debug|Any CPU
		{4F9EAA3C-9A9E-4C79-86F2-043536D755EA}.Release|Any CPU.ActiveCfg = Release|Any CPU
		{4F9EAA3C-9A9E-4C79-86F2-043536D755EA}.Release|Any CPU.Build.0 = Release|Any CPU
	EndGlobalSection
	GlobalSection(SolutionProperties) = preSolution
		HideSolutionNode = FALSE
	EndGlobalSection
EndGlobal
